
Microsoft Visual Studio Solution File, Format Version 12.00
# Visual Studio Version 17
VisualStudioVersion = 17.10.34928.147
MinimumVisualStudioVersion = 10.0.40219.1
Project("{FAE04EC0-301F-11D3-BF4B-00C04F79EFBC}") = "Lab4-3", "Lab4-3\Lab4-3.csproj", "{F8BF0E13-28FD-4425-AB0C-8B694F0042DB}"
EndProject
Global
	GlobalSection(SolutionConfigurationPlatforms) = preSolution
		Debug|Any CPU = Debug|Any CPU
		Release|Any CPU = Release|Any CPU
	EndGlobalSection
	GlobalSection(ProjectConfigurationPlatforms) = postSolution
		{F8BF0E13-28FD-4425-AB0C-8B694F0042DB}.Debug|Any CPU.ActiveCfg = Debug|Any CPU
		{F8BF0E13-28FD-4425-AB0C-8B694F0042DB}.Debug|Any CPU.Build.0 = Debug|Any CPU
		{F8BF0E13-28FD-4425-AB0C-8B694F0042DB}.Release|Any CPU.ActiveCfg = Release|Any CPU
		{F8BF0E13-28FD-4425-AB0C-8B694F0042DB}.Release|Any CPU.Build.0 = Release|Any CPU
	EndGlobalSection
	GlobalSection(SolutionProperties) = preSolution
		HideSolutionNode = FALSE
	EndGlobalSection
	GlobalSection(ExtensibilityGlobals) = postSolution
		SolutionGuid = {33783B27-21F6-4B32-811E-8D7460AE70B8}
	EndGlobalSection
EndGlobal
